
Microsoft Visual Studio Solution File, Format Version 12.00
# Visual Studio Version 17
VisualStudioVersion = 17.3.32804.467
MinimumVisualStudioVersion = 10.0.40219.1
Project("{FAE04EC0-301F-11D3-BF4B-00C04F79EFBC}") = "Lad08_2", "Lad08_2\Lad08_2.csproj", "{28B3BC59-1192-4C4B-8937-018F5C16C9FD}"
EndProject
Global
	GlobalSection(SolutionConfigurationPlatforms) = preSolution
		Debug|Any CPU = Debug|Any CPU
		Release|Any CPU = Release|Any CPU
	EndGlobalSection
	GlobalSection(ProjectConfigurationPlatforms) = postSolution
		{28B3BC59-1192-4C4B-8937-018F5C16C9FD}.Debug|Any CPU.ActiveCfg = Debug|Any CPU
		{28B3BC59-1192-4C4B-8937-018F5C16C9FD}.Debug|Any CPU.Build.0 = Debug|Any CPU
		{28B3BC59-1192-4C4B-8937-018F5C16C9FD}.Release|Any CPU.ActiveCfg = Release|Any CPU
		{28B3BC59-1192-4C4B-8937-018F5C16C9FD}.Release|Any CPU.Build.0 = Release|Any CPU
	EndGlobalSection
	GlobalSection(SolutionProperties) = preSolution
		HideSolutionNode = FALSE
	EndGlobalSection
	GlobalSection(ExtensibilityGlobals) = postSolution
		SolutionGuid = {B0622277-AA8C-4608-B6CF-22F6E55CC385}
	EndGlobalSection
EndGlobal
